
Microsoft Visual Studio Solution File, Format Version 12.00
# Visual Studio Version 16
VisualStudioVersion = 16.0.30523.141
MinimumVisualStudioVersion = 10.0.40219.1
Project("{FAE04EC0-301F-11D3-BF4B-00C04F79EFBC}") = "Task3", "Task3.csproj", "{D14DE720-151A-4106-96BB-AA8BF34B7BD3}"
EndProject
Global
	GlobalSection(SolutionConfigurationPlatforms) = preSolution
		Debug|Any CPU = Debug|Any CPU
		Release|Any CPU = Release|Any CPU
	EndGlobalSection
	GlobalSection(ProjectConfigurationPlatforms) = postSolution
		{D14DE720-151A-4106-96BB-AA8BF34B7BD3}.Debug|Any CPU.ActiveCfg = Debug|Any CPU
		{D14DE720-151A-4106-96BB-AA8BF34B7BD3}.Debug|Any CPU.Build.0 = Debug|Any CPU
		{D14DE720-151A-4106-96BB-AA8BF34B7BD3}.Release|Any CPU.ActiveCfg = Release|Any CPU
		{D14DE720-151A-4106-96BB-AA8BF34B7BD3}.Release|Any CPU.Build.0 = Release|Any CPU
	EndGlobalSection
	GlobalSection(SolutionProperties) = preSolution
		HideSolutionNode = FALSE
	EndGlobalSection
	GlobalSection(ExtensibilityGlobals) = postSolution
		SolutionGuid = {C1ABD6CF-BA23-425A-AAF3-004F53AEA294}
	EndGlobalSection
EndGlobal
